
Microsoft Visual Studio Solution File, Format Version 12.00
# Visual Studio Version 16
VisualStudioVersion = 16.0.30503.244
MinimumVisualStudioVersion = 10.0.40219.1
Project("{FAE04EC0-301F-11D3-BF4B-00C04F79EFBC}") = "Pool2", "Pool2\Pool2.csproj", "{F07D74F4-CD2A-4871-A81B-841187AA5CEB}"
EndProject
Global
	GlobalSection(SolutionConfigurationPlatforms) = preSolution
		Debug|Any CPU = Debug|Any CPU
		Release|Any CPU = Release|Any CPU
	EndGlobalSection
	GlobalSection(ProjectConfigurationPlatforms) = postSolution
		{F07D74F4-CD2A-4871-A81B-841187AA5CEB}.Debug|Any CPU.ActiveCfg = Debug|Any CPU
		{F07D74F4-CD2A-4871-A81B-841187AA5CEB}.Debug|Any CPU.Build.0 = Debug|Any CPU
		{F07D74F4-CD2A-4871-A81B-841187AA5CEB}.Release|Any CPU.ActiveCfg = Release|Any CPU
		{F07D74F4-CD2A-4871-A81B-841187AA5CEB}.Release|Any CPU.Build.0 = Release|Any CPU
	EndGlobalSection
	GlobalSection(SolutionProperties) = preSolution
		HideSolutionNode = FALSE
	EndGlobalSection
	GlobalSection(ExtensibilityGlobals) = postSolution
		SolutionGuid = {5B4205E4-6D9A-4636-81BA-47BAD9B77241}
	EndGlobalSection
EndGlobal
