
Microsoft Visual Studio Solution File, Format Version 12.00
# Visual Studio Version 16
VisualStudioVersion = 16.0.30503.244
MinimumVisualStudioVersion = 10.0.40219.1
Project("{FAE04EC0-301F-11D3-BF4B-00C04F79EFBC}") = "Pool3", "Pool3\Pool3.csproj", "{4E461937-0B9E-41BE-B46E-C7792C19FC37}"
EndProject
Global
	GlobalSection(SolutionConfigurationPlatforms) = preSolution
		Debug|Any CPU = Debug|Any CPU
		Release|Any CPU = Release|Any CPU
	EndGlobalSection
	GlobalSection(ProjectConfigurationPlatforms) = postSolution
		{4E461937-0B9E-41BE-B46E-C7792C19FC37}.Debug|Any CPU.ActiveCfg = Debug|Any CPU
		{4E461937-0B9E-41BE-B46E-C7792C19FC37}.Debug|Any CPU.Build.0 = Debug|Any CPU
		{4E461937-0B9E-41BE-B46E-C7792C19FC37}.Release|Any CPU.ActiveCfg = Release|Any CPU
		{4E461937-0B9E-41BE-B46E-C7792C19FC37}.Release|Any CPU.Build.0 = Release|Any CPU
	EndGlobalSection
	GlobalSection(SolutionProperties) = preSolution
		HideSolutionNode = FALSE
	EndGlobalSection
	GlobalSection(ExtensibilityGlobals) = postSolution
		SolutionGuid = {645123A4-2984-481C-83A9-423E4BCC455E}
	EndGlobalSection
EndGlobal
