
Microsoft Visual Studio Solution File, Format Version 12.00
# Visual Studio Version 16
VisualStudioVersion = 16.0.30503.244
MinimumVisualStudioVersion = 10.0.40219.1
Project("{FAE04EC0-301F-11D3-BF4B-00C04F79EFBC}") = "Pool1", "Pool1\Pool1.csproj", "{3EB7AF2B-D8C2-4B0C-852C-C1269DB7BA18}"
EndProject
Global
	GlobalSection(SolutionConfigurationPlatforms) = preSolution
		Debug|Any CPU = Debug|Any CPU
		Release|Any CPU = Release|Any CPU
	EndGlobalSection
	GlobalSection(ProjectConfigurationPlatforms) = postSolution
		{3EB7AF2B-D8C2-4B0C-852C-C1269DB7BA18}.Debug|Any CPU.ActiveCfg = Debug|Any CPU
		{3EB7AF2B-D8C2-4B0C-852C-C1269DB7BA18}.Debug|Any CPU.Build.0 = Debug|Any CPU
		{3EB7AF2B-D8C2-4B0C-852C-C1269DB7BA18}.Release|Any CPU.ActiveCfg = Release|Any CPU
		{3EB7AF2B-D8C2-4B0C-852C-C1269DB7BA18}.Release|Any CPU.Build.0 = Release|Any CPU
	EndGlobalSection
	GlobalSection(SolutionProperties) = preSolution
		HideSolutionNode = FALSE
	EndGlobalSection
	GlobalSection(ExtensibilityGlobals) = postSolution
		SolutionGuid = {C7E96640-DFF8-4289-8C37-3039E652EB0D}
	EndGlobalSection
EndGlobal
